
Microsoft Visual Studio Solution File, Format Version 12.00
# Visual Studio Version 16
VisualStudioVersion = 16.0.29411.108
MinimumVisualStudioVersion = 10.0.40219.1
Project("{9A19103F-16F7-4668-BE54-9A1E7A4F7556}") = "DevReach", "DevReach.csproj", "{FA0E6D30-A2AF-4508-969D-727735989997}"
EndProject
Global
	GlobalSection(SolutionConfigurationPlatforms) = preSolution
		Debug|Any CPU = Debug|Any CPU
		Release|Any CPU = Release|Any CPU
	EndGlobalSection
	GlobalSection(ProjectConfigurationPlatforms) = postSolution
		{FA0E6D30-A2AF-4508-969D-727735989997}.Debug|Any CPU.ActiveCfg = Debug|Any CPU
		{FA0E6D30-A2AF-4508-969D-727735989997}.Debug|Any CPU.Build.0 = Debug|Any CPU
		{FA0E6D30-A2AF-4508-969D-727735989997}.Release|Any CPU.ActiveCfg = Release|Any CPU
		{FA0E6D30-A2AF-4508-969D-727735989997}.Release|Any CPU.Build.0 = Release|Any CPU
	EndGlobalSection
	GlobalSection(SolutionProperties) = preSolution
		HideSolutionNode = FALSE
	EndGlobalSection
	GlobalSection(ExtensibilityGlobals) = postSolution
		SolutionGuid = {B5C51440-48BA-4F38-841A-94D6F12CFCE9}
	EndGlobalSection
EndGlobal
